
Microsoft Visual Studio Solution File, Format Version 12.00
# Visual Studio Version 17
VisualStudioVersion = 17.9.34728.123
MinimumVisualStudioVersion = 10.0.40219.1
Project("{9A19103F-16F7-4668-BE54-9A1E7A4F7556}") = "Dio.Calculadora", "Dio.Calculadora\Dio.Calculadora.csproj", "{F795F849-FDCA-471C-BA76-726B06D0ACED}"
EndProject
Project("{9A19103F-16F7-4668-BE54-9A1E7A4F7556}") = "TestDio.Calculadora", "TestDio.Calculadora\TestDio.Calculadora.csproj", "{AF4C5BE9-D898-43FF-9E1A-FE3B5626AD68}"
EndProject
Global
	GlobalSection(SolutionConfigurationPlatforms) = preSolution
		Debug|Any CPU = Debug|Any CPU
		Release|Any CPU = Release|Any CPU
	EndGlobalSection
	GlobalSection(ProjectConfigurationPlatforms) = postSolution
		{F795F849-FDCA-471C-BA76-726B06D0ACED}.Debug|Any CPU.ActiveCfg = Debug|Any CPU
		{F795F849-FDCA-471C-BA76-726B06D0ACED}.Debug|Any CPU.Build.0 = Debug|Any CPU
		{F795F849-FDCA-471C-BA76-726B06D0ACED}.Release|Any CPU.ActiveCfg = Release|Any CPU
		{F795F849-FDCA-471C-BA76-726B06D0ACED}.Release|Any CPU.Build.0 = Release|Any CPU
		{AF4C5BE9-D898-43FF-9E1A-FE3B5626AD68}.Debug|Any CPU.ActiveCfg = Debug|Any CPU
		{AF4C5BE9-D898-43FF-9E1A-FE3B5626AD68}.Debug|Any CPU.Build.0 = Debug|Any CPU
		{AF4C5BE9-D898-43FF-9E1A-FE3B5626AD68}.Release|Any CPU.ActiveCfg = Release|Any CPU
		{AF4C5BE9-D898-43FF-9E1A-FE3B5626AD68}.Release|Any CPU.Build.0 = Release|Any CPU
	EndGlobalSection
	GlobalSection(SolutionProperties) = preSolution
		HideSolutionNode = FALSE
	EndGlobalSection
	GlobalSection(ExtensibilityGlobals) = postSolution
		SolutionGuid = {C829288A-139D-44DC-B1FA-39D5D74B3D0F}
	EndGlobalSection
EndGlobal
